
Microsoft Visual Studio Solution File, Format Version 12.00
# Visual Studio Version 16
VisualStudioVersion = 16.0.30907.101
MinimumVisualStudioVersion = 10.0.40219.1
Project("{FAE04EC0-301F-11D3-BF4B-00C04F79EFBC}") = "CrawlerForNBA", "CrawlerForNBA\CrawlerForNBA.csproj", "{ED7B65E7-B920-40F8-922B-749CDAC69AC8}"
EndProject
Global
	GlobalSection(SolutionConfigurationPlatforms) = preSolution
		Debug|Any CPU = Debug|Any CPU
		Release|Any CPU = Release|Any CPU
	EndGlobalSection
	GlobalSection(ProjectConfigurationPlatforms) = postSolution
		{ED7B65E7-B920-40F8-922B-749CDAC69AC8}.Debug|Any CPU.ActiveCfg = Debug|Any CPU
		{ED7B65E7-B920-40F8-922B-749CDAC69AC8}.Debug|Any CPU.Build.0 = Debug|Any CPU
		{ED7B65E7-B920-40F8-922B-749CDAC69AC8}.Release|Any CPU.ActiveCfg = Release|Any CPU
		{ED7B65E7-B920-40F8-922B-749CDAC69AC8}.Release|Any CPU.Build.0 = Release|Any CPU
	EndGlobalSection
	GlobalSection(SolutionProperties) = preSolution
		HideSolutionNode = FALSE
	EndGlobalSection
	GlobalSection(ExtensibilityGlobals) = postSolution
		SolutionGuid = {8C33AD05-02F7-4610-92EC-FA63FF44F3B6}
	EndGlobalSection
EndGlobal
